
Microsoft Visual Studio Solution File, Format Version 12.00
# Visual Studio Version 16
VisualStudioVersion = 16.0.808.10
MinimumVisualStudioVersion = 10.0.40219.1
Project("{FAE04EC0-301F-11D3-BF4B-00C04F79EFBC}") = "MaxRunSoftware.Utilities", "MaxRunSoftware.Utilities\MaxRunSoftware.Utilities.csproj", "{41533207-0F10-445F-B45F-1DACB2ADE62B}"
EndProject
Project("{FAE04EC0-301F-11D3-BF4B-00C04F79EFBC}") = "MaxRunSoftware.Utilities.Console", "MaxRunSoftware.Utilities.Console\MaxRunSoftware.Utilities.Console.csproj", "{D1A8FD98-6015-481D-86E0-1D7CD9925BC3}"
EndProject
Project("{FAE04EC0-301F-11D3-BF4B-00C04F79EFBC}") = "MaxRunSoftware.Utilities.External", "MaxRunSoftware.Utilities.External\MaxRunSoftware.Utilities.External.csproj", "{6C2509B7-7986-46CF-B4D1-0AFE0084A76D}"
EndProject
Global
	GlobalSection(SolutionConfigurationPlatforms) = preSolution
		Debug|Any CPU = Debug|Any CPU
		Release|Any CPU = Release|Any CPU
	EndGlobalSection
	GlobalSection(ProjectConfigurationPlatforms) = postSolution
		{41533207-0F10-445F-B45F-1DACB2ADE62B}.Debug|Any CPU.ActiveCfg = Debug|Any CPU
		{41533207-0F10-445F-B45F-1DACB2ADE62B}.Debug|Any CPU.Build.0 = Debug|Any CPU
		{41533207-0F10-445F-B45F-1DACB2ADE62B}.Release|Any CPU.ActiveCfg = Release|Any CPU
		{41533207-0F10-445F-B45F-1DACB2ADE62B}.Release|Any CPU.Build.0 = Release|Any CPU
		{D1A8FD98-6015-481D-86E0-1D7CD9925BC3}.Debug|Any CPU.ActiveCfg = Debug|Any CPU
		{D1A8FD98-6015-481D-86E0-1D7CD9925BC3}.Debug|Any CPU.Build.0 = Debug|Any CPU
		{D1A8FD98-6015-481D-86E0-1D7CD9925BC3}.Release|Any CPU.ActiveCfg = Release|Any CPU
		{D1A8FD98-6015-481D-86E0-1D7CD9925BC3}.Release|Any CPU.Build.0 = Release|Any CPU
		{6C2509B7-7986-46CF-B4D1-0AFE0084A76D}.Debug|Any CPU.ActiveCfg = Debug|Any CPU
		{6C2509B7-7986-46CF-B4D1-0AFE0084A76D}.Debug|Any CPU.Build.0 = Debug|Any CPU
		{6C2509B7-7986-46CF-B4D1-0AFE0084A76D}.Release|Any CPU.ActiveCfg = Release|Any CPU
		{6C2509B7-7986-46CF-B4D1-0AFE0084A76D}.Release|Any CPU.Build.0 = Release|Any CPU
	EndGlobalSection
	GlobalSection(SolutionProperties) = preSolution
		HideSolutionNode = FALSE
	EndGlobalSection
	GlobalSection(ExtensibilityGlobals) = postSolution
		SolutionGuid = {B52DF0D6-210D-4D69-B6BE-20A3EEBE8CC7}
	EndGlobalSection
	GlobalSection(MonoDevelopProperties) = preSolution
		Policies = $0
		$0.DotNetNamingPolicy = $1
		$1.DirectoryNamespaceAssociation = PrefixedHierarchical
		version = 1.12.3
	EndGlobalSection
EndGlobal
